# THIS IS AN AUTOGENERATED FILE. DO NOT EDIT THIS FILE DIRECTLY.
# yarn lockfile v1


alertifyjs@^1.13.1:
  version "1.13.1"
  resolved "https://registry.npmjs.org/alertifyjs/-/alertifyjs-1.13.1.tgz"
  integrity sha512-CckZE2dZDsEEXglOXKxT00vUDV5A6udZom+bn1XHdIWlbSFZgYq7UXCBlwkShhIH3Li/1VxLmr55GOQFQ12WSg==

bootstrap-icons@^1.11.1:
  version "1.11.1"
  resolved "https://registry.npmjs.org/bootstrap-icons/-/bootstrap-icons-1.11.1.tgz"
  integrity sha512-F0DDp7nKUX+x/QtpfRZ+XHFya60ng9nfdpdS59vDDfs4Uhuxp7zym/QavMsu/xx51txkoM9eVmpE7D08N35blw==

sweetalert2@^11.7.32:
  version "11.7.32"
  resolved "https://registry.npmjs.org/sweetalert2/-/sweetalert2-11.7.32.tgz"
  integrity sha512-44tNNe2oLe7T94mT6dus4hc9G7qg6jZU/K5qZzpNS6e5HGPrSF6Kie6oZ7B5puIJydB34V2h/8f5EhIFivYo4A==
